
Microsoft Visual Studio Solution File, Format Version 12.00
# Visual Studio Version 17
VisualStudioVersion = 17.9.34728.123
MinimumVisualStudioVersion = 10.0.40219.1
Project("{9A19103F-16F7-4668-BE54-9A1E7A4F7556}") = "CRUDUser_Login_withHashJWT", "CRUDUser_Login_withHashJWT\CRUDUser_Login_withHashJWT.csproj", "{6624A02C-06BE-4DEB-BD17-E4F4F99F9AEE}"
EndProject
Project("{9A19103F-16F7-4668-BE54-9A1E7A4F7556}") = "Service", "Service\Service.csproj", "{6C2283DB-15DF-46C3-88D1-C2606C763C0A}"
EndProject
Project("{9A19103F-16F7-4668-BE54-9A1E7A4F7556}") = "Repository", "Repository\Repository.csproj", "{F8E5F5E6-AC0E-47C6-A40A-21C28E72CFC4}"
EndProject
Global
	GlobalSection(SolutionConfigurationPlatforms) = preSolution
		Debug|Any CPU = Debug|Any CPU
		Release|Any CPU = Release|Any CPU
	EndGlobalSection
	GlobalSection(ProjectConfigurationPlatforms) = postSolution
		{6624A02C-06BE-4DEB-BD17-E4F4F99F9AEE}.Debug|Any CPU.ActiveCfg = Debug|Any CPU
		{6624A02C-06BE-4DEB-BD17-E4F4F99F9AEE}.Debug|Any CPU.Build.0 = Debug|Any CPU
		{6624A02C-06BE-4DEB-BD17-E4F4F99F9AEE}.Release|Any CPU.ActiveCfg = Release|Any CPU
		{6624A02C-06BE-4DEB-BD17-E4F4F99F9AEE}.Release|Any CPU.Build.0 = Release|Any CPU
		{6C2283DB-15DF-46C3-88D1-C2606C763C0A}.Debug|Any CPU.ActiveCfg = Debug|Any CPU
		{6C2283DB-15DF-46C3-88D1-C2606C763C0A}.Debug|Any CPU.Build.0 = Debug|Any CPU
		{6C2283DB-15DF-46C3-88D1-C2606C763C0A}.Release|Any CPU.ActiveCfg = Release|Any CPU
		{6C2283DB-15DF-46C3-88D1-C2606C763C0A}.Release|Any CPU.Build.0 = Release|Any CPU
		{F8E5F5E6-AC0E-47C6-A40A-21C28E72CFC4}.Debug|Any CPU.ActiveCfg = Debug|Any CPU
		{F8E5F5E6-AC0E-47C6-A40A-21C28E72CFC4}.Debug|Any CPU.Build.0 = Debug|Any CPU
		{F8E5F5E6-AC0E-47C6-A40A-21C28E72CFC4}.Release|Any CPU.ActiveCfg = Release|Any CPU
		{F8E5F5E6-AC0E-47C6-A40A-21C28E72CFC4}.Release|Any CPU.Build.0 = Release|Any CPU
	EndGlobalSection
	GlobalSection(SolutionProperties) = preSolution
		HideSolutionNode = FALSE
	EndGlobalSection
	GlobalSection(ExtensibilityGlobals) = postSolution
		SolutionGuid = {5F859B29-5E37-437B-97EA-ADCB4571611C}
	EndGlobalSection
EndGlobal
